
Microsoft Visual Studio Solution File, Format Version 12.00
# Visual Studio Version 17
VisualStudioVersion = 17.5.33516.290
MinimumVisualStudioVersion = 10.0.40219.1
Project("{9A19103F-16F7-4668-BE54-9A1E7A4F7556}") = "EpicrisisWord", "EpicrisisWord\EpicrisisWord.csproj", "{CCA0B588-FCED-470E-BB50-2BC0B9916B9E}"
EndProject
Global
	GlobalSection(SolutionConfigurationPlatforms) = preSolution
		Debug|Any CPU = Debug|Any CPU
		Debug|x64 = Debug|x64
		Release|Any CPU = Release|Any CPU
		Release|x64 = Release|x64
	EndGlobalSection
	GlobalSection(ProjectConfigurationPlatforms) = postSolution
		{CCA0B588-FCED-470E-BB50-2BC0B9916B9E}.Debug|Any CPU.ActiveCfg = Debug|Any CPU
		{CCA0B588-FCED-470E-BB50-2BC0B9916B9E}.Debug|Any CPU.Build.0 = Debug|Any CPU
		{CCA0B588-FCED-470E-BB50-2BC0B9916B9E}.Debug|x64.ActiveCfg = Debug|x64
		{CCA0B588-FCED-470E-BB50-2BC0B9916B9E}.Debug|x64.Build.0 = Debug|x64
		{CCA0B588-FCED-470E-BB50-2BC0B9916B9E}.Release|Any CPU.ActiveCfg = Release|Any CPU
		{CCA0B588-FCED-470E-BB50-2BC0B9916B9E}.Release|Any CPU.Build.0 = Release|Any CPU
		{CCA0B588-FCED-470E-BB50-2BC0B9916B9E}.Release|x64.ActiveCfg = Release|x64
		{CCA0B588-FCED-470E-BB50-2BC0B9916B9E}.Release|x64.Build.0 = Release|x64
	EndGlobalSection
	GlobalSection(SolutionProperties) = preSolution
		HideSolutionNode = FALSE
	EndGlobalSection
	GlobalSection(ExtensibilityGlobals) = postSolution
		SolutionGuid = {4EA7CFD9-35DF-4FB3-BF2F-779E97AF7648}
	EndGlobalSection
EndGlobal
